{
  "name": "globeletjs",
  "version": "0.0.1",
  "lockfileVersion": 2,
  "requires": true,
  "packages": {
    "": {
      "name": "globeletjs",
      "version": "0.0.1",
      "license": "MIT",
      "dependencies": {
        "satellite-view": "^2.0.0",
        "spinning-ball": "^0.2.3",
        "tile-setter": "^0.0.4",
        "yawgl": "^0.3.0"
      },
      "devDependencies": {
        "@rollup/plugin-node-resolve": "^11.2.1",
        "rollup": "^2.46.0"
      }
    },
    "node_modules/@rollup/plugin-node-resolve": {
      "version": "11.2.1",
      "resolved": "https://registry.npmjs.org/@rollup/plugin-node-resolve/-/plugin-node-resolve-11.2.1.tgz",
      "integrity": "sha512-yc2n43jcqVyGE2sqV5/YCmocy9ArjVAP/BeXyTtADTBBX6V0e5UMqwO8CdQ0kzjb6zu5P1qMzsScCMRvE9OlVg==",
      "dev": true,
      "dependencies": {
        "@rollup/pluginutils": "^3.1.0",
        "@types/resolve": "1.17.1",
        "builtin-modules": "^3.1.0",
        "deepmerge": "^4.2.2",
        "is-module": "^1.0.0",
        "resolve": "^1.19.0"
      },
      "engines": {
        "node": ">= 10.0.0"
      },
      "peerDependencies": {
        "rollup": "^1.20.0||^2.0.0"
      }
    },
    "node_modules/@rollup/pluginutils": {
      "version": "3.1.0",
      "resolved": "https://registry.npmjs.org/@rollup/pluginutils/-/pluginutils-3.1.0.tgz",
      "integrity": "sha512-GksZ6pr6TpIjHm8h9lSQ8pi8BE9VeubNT0OMJ3B5uZJ8pz73NPiqOtCog/x2/QzM1ENChPKxMDhiQuRHsqc+lg==",
      "dev": true,
      "dependencies": {
        "@types/estree": "0.0.39",
        "estree-walker": "^1.0.1",
        "picomatch": "^2.2.2"
      },
      "engines": {
        "node": ">= 8.0.0"
      },
      "peerDependencies": {
        "rollup": "^1.20.0||^2.0.0"
      }
    },
    "node_modules/@types/estree": {
      "version": "0.0.39",
      "resolved": "https://registry.npmjs.org/@types/estree/-/estree-0.0.39.tgz",
      "integrity": "sha512-EYNwp3bU+98cpU4lAWYYL7Zz+2gryWH1qbdDTidVd6hkiR6weksdbMadyXKXNPEkQFhXM+hVO9ZygomHXp+AIw==",
      "dev": true
    },
    "node_modules/@types/node": {
      "version": "15.0.1",
      "resolved": "https://registry.npmjs.org/@types/node/-/node-15.0.1.tgz",
      "integrity": "sha512-TMkXt0Ck1y0KKsGr9gJtWGjttxlZnnvDtphxUOSd0bfaR6Q1jle+sPvrzNR1urqYTWMinoKvjKfXUGsumaO1PA==",
      "dev": true
    },
    "node_modules/@types/resolve": {
      "version": "1.17.1",
      "resolved": "https://registry.npmjs.org/@types/resolve/-/resolve-1.17.1.tgz",
      "integrity": "sha512-yy7HuzQhj0dhGpD8RLXSZWEkLsV9ibvxvi6EiJ3bkqLAO1RGo0WbkWQiwpRlSFymTJRz0d3k5LM3kkx8ArDbLw==",
      "dev": true,
      "dependencies": {
        "@types/node": "*"
      }
    },
    "node_modules/builtin-modules": {
      "version": "3.2.0",
      "resolved": "https://registry.npmjs.org/builtin-modules/-/builtin-modules-3.2.0.tgz",
      "integrity": "sha512-lGzLKcioL90C7wMczpkY0n/oART3MbBa8R9OFGE1rJxoVI86u4WAGfEk8Wjv10eKSyTHVGkSo3bvBylCEtk7LA==",
      "dev": true,
      "engines": {
        "node": ">=6"
      },
      "funding": {
        "url": "https://github.com/sponsors/sindresorhus"
      }
    },
    "node_modules/chunked-queue": {
      "version": "0.1.2",
      "resolved": "https://registry.npmjs.org/chunked-queue/-/chunked-queue-0.1.2.tgz",
      "integrity": "sha512-H/8Eb81ItMYlJS5gsLte3Z1Vt7MsoQuSZnz/pZiioFVuD5o2YSoHFZXOP9tqIO6iyU5OeuzGywzPTSOR4rTcKA==",
      "dependencies": {
        "zero-timeout": "0.0.4"
      }
    },
    "node_modules/d3-color": {
      "version": "1.4.1",
      "resolved": "https://registry.npmjs.org/d3-color/-/d3-color-1.4.1.tgz",
      "integrity": "sha512-p2sTHSLCJI2QKunbGb7ocOh7DgTAn8IrLx21QRc/BSnodXM4sv6aLQlnfpvehFMLZEfBc6g9pH9SWQccFYfJ9Q=="
    },
    "node_modules/d3-tile": {
      "version": "1.0.0",
      "resolved": "git+ssh://git@github.com/GlobeletJS/d3-tile.git#2f0d6e7f211453e36b13fe64e1e5449554277dcc",
      "license": "BSD-3-Clause"
    },
    "node_modules/deepmerge": {
      "version": "4.2.2",
      "resolved": "https://registry.npmjs.org/deepmerge/-/deepmerge-4.2.2.tgz",
      "integrity": "sha512-FJ3UgI4gIl+PHZm53knsuSFpE+nESMr7M4v9QcgB7S63Kj/6WqMiFQJpBBYz1Pt+66bZpP3Q7Lye0Oo9MPKEdg==",
      "dev": true,
      "engines": {
        "node": ">=0.10.0"
      }
    },
    "node_modules/earcut": {
      "version": "2.2.2",
      "resolved": "https://registry.npmjs.org/earcut/-/earcut-2.2.2.tgz",
      "integrity": "sha512-eZoZPPJcUHnfRZ0PjLvx2qBordSiO8ofC3vt+qACLM95u+4DovnbYNpQtJh0DNsWj8RnxrQytD4WA8gj5cRIaQ=="
    },
    "node_modules/estree-walker": {
      "version": "1.0.1",
      "resolved": "https://registry.npmjs.org/estree-walker/-/estree-walker-1.0.1.tgz",
      "integrity": "sha512-1fMXF3YP4pZZVozF8j/ZLfvnR8NSIljt56UhbZ5PeeDmmGHpgpdwQt7ITlGvYaQukCvuBRMLEiKiYC+oeIg4cg==",
      "dev": true
    },
    "node_modules/fsevents": {
      "version": "2.3.2",
      "resolved": "https://registry.npmjs.org/fsevents/-/fsevents-2.3.2.tgz",
      "integrity": "sha512-xiqMQR4xAeHTuB9uWm+fFRcIOgKBMiOBP+eXiyT7jsgVCq1bkVygt00oASowB7EdtpOHaaPgKt812P9ab+DDKA==",
      "dev": true,
      "optional": true,
      "os": [
        "darwin"
      ],
      "engines": {
        "node": "^8.16.0 || ^10.6.0 || >=11.0.0"
      }
    },
    "node_modules/function-bind": {
      "version": "1.1.1",
      "resolved": "https://registry.npmjs.org/function-bind/-/function-bind-1.1.1.tgz",
      "integrity": "sha512-yIovAzMX49sF8Yl58fSCWJ5svSLuaibPxXQJFLmBObTuCr0Mf1KiPopGM9NiFjiYBCbfaa2Fh6breQ6ANVTI0A==",
      "dev": true
    },
    "node_modules/geojson-vt": {
      "version": "3.2.1",
      "resolved": "https://registry.npmjs.org/geojson-vt/-/geojson-vt-3.2.1.tgz",
      "integrity": "sha512-EvGQQi/zPrDA6zr6BnJD/YhwAkBP8nnJ9emh3EnHQKVMfg/MRVtPbMYdgVy/IaEmn4UfagD2a6fafPDL5hbtwg=="
    },
    "node_modules/gl-matrix": {
      "version": "3.3.0",
      "resolved": "https://registry.npmjs.org/gl-matrix/-/gl-matrix-3.3.0.tgz",
      "integrity": "sha512-COb7LDz+SXaHtl/h4LeaFcNdJdAQSDeVqjiIihSXNrkWObZLhDI4hIkZC11Aeqp7bcE72clzB0BnDXr2SmslRA=="
    },
    "node_modules/has": {
      "version": "1.0.3",
      "resolved": "https://registry.npmjs.org/has/-/has-1.0.3.tgz",
      "integrity": "sha512-f2dvO0VU6Oej7RkWJGrehjbzMAjFp5/VKPp5tTpWIV4JHHZK1/BxbFRtf/siA2SWTe09caDmVtYYzWEIbBS4zw==",
      "dev": true,
      "dependencies": {
        "function-bind": "^1.1.1"
      },
      "engines": {
        "node": ">= 0.4.0"
      }
    },
    "node_modules/ieee754": {
      "version": "1.2.1",
      "resolved": "https://registry.npmjs.org/ieee754/-/ieee754-1.2.1.tgz",
      "integrity": "sha512-dcyqhDvX1C46lXZcVqCpK+FtMRQVdIMN6/Df5js2zouUsqG7I6sFxitIC+7KYK29KdXOLHdu9zL4sFnoVQnqaA==",
      "funding": [
        {
          "type": "github",
          "url": "https://github.com/sponsors/feross"
        },
        {
          "type": "patreon",
          "url": "https://www.patreon.com/feross"
        },
        {
          "type": "consulting",
          "url": "https://feross.org/support"
        }
      ]
    },
    "node_modules/is-core-module": {
      "version": "2.3.0",
      "resolved": "https://registry.npmjs.org/is-core-module/-/is-core-module-2.3.0.tgz",
      "integrity": "sha512-xSphU2KG9867tsYdLD4RWQ1VqdFl4HTO9Thf3I/3dLEfr0dbPTWKsuCKrgqMljg4nPE+Gq0VCnzT3gr0CyBmsw==",
      "dev": true,
      "dependencies": {
        "has": "^1.0.3"
      },
      "funding": {
        "url": "https://github.com/sponsors/ljharb"
      }
    },
    "node_modules/is-module": {
      "version": "1.0.0",
      "resolved": "https://registry.npmjs.org/is-module/-/is-module-1.0.0.tgz",
      "integrity": "sha1-Mlj7afeMFNW4FdZkM2tM/7ZEFZE=",
      "dev": true
    },
    "node_modules/path-parse": {
      "version": "1.0.6",
      "resolved": "https://registry.npmjs.org/path-parse/-/path-parse-1.0.6.tgz",
      "integrity": "sha512-GSmOT2EbHrINBf9SR7CDELwlJ8AENk3Qn7OikK4nFYAu3Ote2+JYNVvkpAEQm3/TLNEJFD/xZJjzyxg3KBWOzw==",
      "dev": true
    },
    "node_modules/pbf": {
      "version": "3.2.1",
      "resolved": "https://registry.npmjs.org/pbf/-/pbf-3.2.1.tgz",
      "integrity": "sha512-ClrV7pNOn7rtmoQVF4TS1vyU0WhYRnP92fzbfF75jAIwpnzdJXf8iTd4CMEqO4yUenH6NDqLiwjqlh6QgZzgLQ==",
      "dependencies": {
        "ieee754": "^1.1.12",
        "resolve-protobuf-schema": "^2.1.0"
      },
      "bin": {
        "pbf": "bin/pbf"
      }
    },
    "node_modules/picomatch": {
      "version": "2.2.3",
      "resolved": "https://registry.npmjs.org/picomatch/-/picomatch-2.2.3.tgz",
      "integrity": "sha512-KpELjfwcCDUb9PeigTs2mBJzXUPzAuP2oPcA989He8Rte0+YUAjw1JVedDhuTKPkHjSYzMN3npC9luThGYEKdg==",
      "dev": true,
      "engines": {
        "node": ">=8.6"
      },
      "funding": {
        "url": "https://github.com/sponsors/jonschlinkert"
      }
    },
    "node_modules/potpack": {
      "version": "1.0.1",
      "resolved": "https://registry.npmjs.org/potpack/-/potpack-1.0.1.tgz",
      "integrity": "sha512-15vItUAbViaYrmaB/Pbw7z6qX2xENbFSTA7Ii4tgbPtasxm5v6ryKhKtL91tpWovDJzTiZqdwzhcFBCwiMVdVw=="
    },
    "node_modules/protocol-buffers-schema": {
      "version": "3.5.1",
      "resolved": "https://registry.npmjs.org/protocol-buffers-schema/-/protocol-buffers-schema-3.5.1.tgz",
      "integrity": "sha512-YVCvdhxWNDP8/nJDyXLuM+UFsuPk4+1PB7WGPVDzm3HTHbzFLxQYeW2iZpS4mmnXrQJGBzt230t/BbEb7PrQaw=="
    },
    "node_modules/quickselect": {
      "version": "2.0.0",
      "resolved": "https://registry.npmjs.org/quickselect/-/quickselect-2.0.0.tgz",
      "integrity": "sha512-RKJ22hX8mHe3Y6wH/N3wCM6BWtjaxIyyUIkpHOvfFnxdI4yD4tBXEBKSbriGujF6jnSVkJrffuo6vxACiSSxIw=="
    },
    "node_modules/rbush": {
      "version": "3.0.1",
      "resolved": "https://registry.npmjs.org/rbush/-/rbush-3.0.1.tgz",
      "integrity": "sha512-XRaVO0YecOpEuIvbhbpTrZgoiI6xBlz6hnlr6EHhd+0x9ase6EmeN+hdwwUaJvLcsFFQ8iWVF1GAK1yB0BWi0w==",
      "dependencies": {
        "quickselect": "^2.0.0"
      }
    },
    "node_modules/resolve": {
      "version": "1.20.0",
      "resolved": "https://registry.npmjs.org/resolve/-/resolve-1.20.0.tgz",
      "integrity": "sha512-wENBPt4ySzg4ybFQW2TT1zMQucPK95HSh/nq2CFTZVOGut2+pQvSsgtda4d26YrYcr067wjbmzOG8byDPBX63A==",
      "dev": true,
      "dependencies": {
        "is-core-module": "^2.2.0",
        "path-parse": "^1.0.6"
      },
      "funding": {
        "url": "https://github.com/sponsors/ljharb"
      }
    },
    "node_modules/resolve-protobuf-schema": {
      "version": "2.1.0",
      "resolved": "https://registry.npmjs.org/resolve-protobuf-schema/-/resolve-protobuf-schema-2.1.0.tgz",
      "integrity": "sha512-kI5ffTiZWmJaS/huM8wZfEMer1eRd7oJQhDuxeCLe3t7N7mX3z94CN0xPxBQxFYQTSNz9T0i+v6inKqSdK8xrQ==",
      "dependencies": {
        "protocol-buffers-schema": "^3.3.1"
      }
    },
    "node_modules/rollup": {
      "version": "2.46.0",
      "resolved": "https://registry.npmjs.org/rollup/-/rollup-2.46.0.tgz",
      "integrity": "sha512-qPGoUBNl+Z8uNu0z7pD3WPTABWRbcOwIrO/5ccDJzmrtzn0LVf6Lj91+L5CcWhXl6iWf23FQ6m8Jkl2CmN1O7Q==",
      "dev": true,
      "bin": {
        "rollup": "dist/bin/rollup"
      },
      "engines": {
        "node": ">=10.0.0"
      },
      "optionalDependencies": {
        "fsevents": "~2.3.1"
      }
    },
    "node_modules/satellite-view": {
      "version": "2.0.0",
      "resolved": "https://registry.npmjs.org/satellite-view/-/satellite-view-2.0.0.tgz",
      "integrity": "sha512-t3cZnxcOagnkz9AJf99iwKvuNRdzsXsTmrkr7B34fmwkjraTVYr4lH9j5t4xEqibg1eUYcrYz7hrWY1YIAX2Jw=="
    },
    "node_modules/sdf-manager": {
      "version": "0.0.6",
      "resolved": "https://registry.npmjs.org/sdf-manager/-/sdf-manager-0.0.6.tgz",
      "integrity": "sha512-K/9z0WruGC7RywHZRu3wfqUXh7GQnDhcnqi/ap+pcTMICSfCtyvJ0Xkbyj4++vilbdabxBGv8nyr0OQej2lMPA==",
      "dependencies": {
        "potpack": "^1.0.1"
      },
      "peerDependencies": {
        "pbf": "^3.2.1"
      }
    },
    "node_modules/spinning-ball": {
      "version": "0.2.3",
      "resolved": "https://registry.npmjs.org/spinning-ball/-/spinning-ball-0.2.3.tgz",
      "integrity": "sha512-3pbhFTRaFN0f41OMxylhnsD7ePEohyAzwcOUjs+4LPQNp5+xfGnx32mSVYrueTDnQM7zoH/BwvtRUMTRpUuLMw==",
      "dependencies": {
        "gl-matrix": "^3.1.0",
        "touch-sampler": "0.0.1",
        "yawgl": "github:GlobeletJS/yawgl"
      }
    },
    "node_modules/tile-gl": {
      "version": "0.0.7",
      "resolved": "git+ssh://git@github.com/GlobeletJS/tile-gl.git#88fba190729893472473e87b1ac9ef53ef026615",
      "license": "MIT",
      "dependencies": {
        "earcut": "^2.2.2",
        "gl-matrix": "^3.3.0",
        "tile-labeler": "github:GlobeletJS/tile-labeler"
      }
    },
    "node_modules/tile-labeler": {
      "version": "0.1.2",
      "resolved": "git+ssh://git@github.com/GlobeletJS/tile-labeler.git#68c740eeafd2fea024a93eb8c6f124ad0f951c49",
      "license": "MIT",
      "dependencies": {
        "sdf-manager": "0.0.6"
      }
    },
    "node_modules/tile-mixer": {
      "version": "0.0.9",
      "resolved": "git+ssh://git@github.com/GlobeletJS/tile-mixer.git#d8a7ca6e89fc726f3c298793eac34fad12ed5376",
      "license": "MIT",
      "dependencies": {
        "chunked-queue": "^0.1.2",
        "geojson-vt": "^3.2.1",
        "pbf": "^3.2.1",
        "rbush": "^3.0.1",
        "tile-gl": "github:GlobeletJS/tile-gl",
        "tile-labeler": "github:GlobeletJS/tile-labeler",
        "tile-stencil": "^0.3.1",
        "vector-tile-esm": "^2.1.2"
      }
    },
    "node_modules/tile-rack": {
      "version": "1.0.2",
      "resolved": "https://registry.npmjs.org/tile-rack/-/tile-rack-1.0.2.tgz",
      "integrity": "sha512-+OZHBM/ZmOop3avd+UL3+4ZKIHfna/wDZGx9mNybPsogu3qNK5PBb9yB8KLNxqcH+olNL7V1vP+nYikIm+CNqA=="
    },
    "node_modules/tile-setter": {
      "version": "0.0.4",
      "resolved": "https://registry.npmjs.org/tile-setter/-/tile-setter-0.0.4.tgz",
      "integrity": "sha512-qgKgRW4ktuywA2nbOElezmylQyMOcUHdCLd8cAA1Q2jyyp9Phia61OSu2Kg+e+XcSKDGsQRDgog/5y0E1uhluQ==",
      "dependencies": {
        "chunked-queue": "^0.1.2",
        "d3-tile": "github:GlobeletJS/d3-tile",
        "tile-gl": "github:GlobeletJS/tile-gl",
        "tile-mixer": "github:GlobeletJS/tile-mixer",
        "tile-rack": "^1.0.2",
        "tile-stencil": "^0.3.1"
      }
    },
    "node_modules/tile-stencil": {
      "version": "0.3.1",
      "resolved": "https://registry.npmjs.org/tile-stencil/-/tile-stencil-0.3.1.tgz",
      "integrity": "sha512-8WsDE8/+XwoU4Hoo5xKEbFcMi2vCUHgtfK2YxtPSlWJjO20kA2gV0OX6gkffOD+dwxtpb3yGGKOFp1VoPViW4A==",
      "dependencies": {
        "d3-color": "^1.4.1"
      }
    },
    "node_modules/touch-sampler": {
      "version": "0.0.1",
      "resolved": "https://registry.npmjs.org/touch-sampler/-/touch-sampler-0.0.1.tgz",
      "integrity": "sha512-6OCDYwFGDyLymRDwkZlHdKL1WUBeA70UKgSL8JyTyr5sBGE4pb8UsVHtVjyv2YR09xjX9UCWp4PdQU4HUyjQPg=="
    },
    "node_modules/vector-tile-esm": {
      "version": "2.1.2",
      "resolved": "https://registry.npmjs.org/vector-tile-esm/-/vector-tile-esm-2.1.2.tgz",
      "integrity": "sha512-l0doLJsMkZz5DWEewK9oh5Dp3iqO8lgKcpy+IxasckrQ/AjyyZxZCN1NRLZRROdjHt8aqf1gMuwq8e6Mi9f5Pw=="
    },
    "node_modules/yawgl": {
      "version": "0.3.0",
      "resolved": "git+ssh://git@github.com/GlobeletJS/yawgl.git#d03f2c95cd073530bae7a4543ee964a74c01c839",
      "license": "MIT"
    },
    "node_modules/zero-timeout": {
      "version": "0.0.4",
      "resolved": "https://registry.npmjs.org/zero-timeout/-/zero-timeout-0.0.4.tgz",
      "integrity": "sha512-4h06hMvy6JavCQZCKwiw6Jq0pt3UIL2vsQTKQ6UR5DAp3rnfknDn1ybkwx4YzQ+2vjOnamAETqox+8ma9wy7mw=="
    }
  },
  "dependencies": {
    "@rollup/plugin-node-resolve": {
      "version": "11.2.1",
      "resolved": "https://registry.npmjs.org/@rollup/plugin-node-resolve/-/plugin-node-resolve-11.2.1.tgz",
      "integrity": "sha512-yc2n43jcqVyGE2sqV5/YCmocy9ArjVAP/BeXyTtADTBBX6V0e5UMqwO8CdQ0kzjb6zu5P1qMzsScCMRvE9OlVg==",
      "dev": true,
      "requires": {
        "@rollup/pluginutils": "^3.1.0",
        "@types/resolve": "1.17.1",
        "builtin-modules": "^3.1.0",
        "deepmerge": "^4.2.2",
        "is-module": "^1.0.0",
        "resolve": "^1.19.0"
      }
    },
    "@rollup/pluginutils": {
      "version": "3.1.0",
      "resolved": "https://registry.npmjs.org/@rollup/pluginutils/-/pluginutils-3.1.0.tgz",
      "integrity": "sha512-GksZ6pr6TpIjHm8h9lSQ8pi8BE9VeubNT0OMJ3B5uZJ8pz73NPiqOtCog/x2/QzM1ENChPKxMDhiQuRHsqc+lg==",
      "dev": true,
      "requires": {
        "@types/estree": "0.0.39",
        "estree-walker": "^1.0.1",
        "picomatch": "^2.2.2"
      }
    },
    "@types/estree": {
      "version": "0.0.39",
      "resolved": "https://registry.npmjs.org/@types/estree/-/estree-0.0.39.tgz",
      "integrity": "sha512-EYNwp3bU+98cpU4lAWYYL7Zz+2gryWH1qbdDTidVd6hkiR6weksdbMadyXKXNPEkQFhXM+hVO9ZygomHXp+AIw==",
      "dev": true
    },
    "@types/node": {
      "version": "15.0.1",
      "resolved": "https://registry.npmjs.org/@types/node/-/node-15.0.1.tgz",
      "integrity": "sha512-TMkXt0Ck1y0KKsGr9gJtWGjttxlZnnvDtphxUOSd0bfaR6Q1jle+sPvrzNR1urqYTWMinoKvjKfXUGsumaO1PA==",
      "dev": true
    },
    "@types/resolve": {
      "version": "1.17.1",
      "resolved": "https://registry.npmjs.org/@types/resolve/-/resolve-1.17.1.tgz",
      "integrity": "sha512-yy7HuzQhj0dhGpD8RLXSZWEkLsV9ibvxvi6EiJ3bkqLAO1RGo0WbkWQiwpRlSFymTJRz0d3k5LM3kkx8ArDbLw==",
      "dev": true,
      "requires": {
        "@types/node": "*"
      }
    },
    "builtin-modules": {
      "version": "3.2.0",
      "resolved": "https://registry.npmjs.org/builtin-modules/-/builtin-modules-3.2.0.tgz",
      "integrity": "sha512-lGzLKcioL90C7wMczpkY0n/oART3MbBa8R9OFGE1rJxoVI86u4WAGfEk8Wjv10eKSyTHVGkSo3bvBylCEtk7LA==",
      "dev": true
    },
    "chunked-queue": {
      "version": "0.1.2",
      "resolved": "https://registry.npmjs.org/chunked-queue/-/chunked-queue-0.1.2.tgz",
      "integrity": "sha512-H/8Eb81ItMYlJS5gsLte3Z1Vt7MsoQuSZnz/pZiioFVuD5o2YSoHFZXOP9tqIO6iyU5OeuzGywzPTSOR4rTcKA==",
      "requires": {
        "zero-timeout": "0.0.4"
      }
    },
    "d3-color": {
      "version": "1.4.1",
      "resolved": "https://registry.npmjs.org/d3-color/-/d3-color-1.4.1.tgz",
      "integrity": "sha512-p2sTHSLCJI2QKunbGb7ocOh7DgTAn8IrLx21QRc/BSnodXM4sv6aLQlnfpvehFMLZEfBc6g9pH9SWQccFYfJ9Q=="
    },
    "d3-tile": {
      "version": "git+ssh://git@github.com/GlobeletJS/d3-tile.git#2f0d6e7f211453e36b13fe64e1e5449554277dcc",
      "from": "d3-tile@github:GlobeletJS/d3-tile"
    },
    "deepmerge": {
      "version": "4.2.2",
      "resolved": "https://registry.npmjs.org/deepmerge/-/deepmerge-4.2.2.tgz",
      "integrity": "sha512-FJ3UgI4gIl+PHZm53knsuSFpE+nESMr7M4v9QcgB7S63Kj/6WqMiFQJpBBYz1Pt+66bZpP3Q7Lye0Oo9MPKEdg==",
      "dev": true
    },
    "earcut": {
      "version": "2.2.2",
      "resolved": "https://registry.npmjs.org/earcut/-/earcut-2.2.2.tgz",
      "integrity": "sha512-eZoZPPJcUHnfRZ0PjLvx2qBordSiO8ofC3vt+qACLM95u+4DovnbYNpQtJh0DNsWj8RnxrQytD4WA8gj5cRIaQ=="
    },
    "estree-walker": {
      "version": "1.0.1",
      "resolved": "https://registry.npmjs.org/estree-walker/-/estree-walker-1.0.1.tgz",
      "integrity": "sha512-1fMXF3YP4pZZVozF8j/ZLfvnR8NSIljt56UhbZ5PeeDmmGHpgpdwQt7ITlGvYaQukCvuBRMLEiKiYC+oeIg4cg==",
      "dev": true
    },
    "fsevents": {
      "version": "2.3.2",
      "resolved": "https://registry.npmjs.org/fsevents/-/fsevents-2.3.2.tgz",
      "integrity": "sha512-xiqMQR4xAeHTuB9uWm+fFRcIOgKBMiOBP+eXiyT7jsgVCq1bkVygt00oASowB7EdtpOHaaPgKt812P9ab+DDKA==",
      "dev": true,
      "optional": true
    },
    "function-bind": {
      "version": "1.1.1",
      "resolved": "https://registry.npmjs.org/function-bind/-/function-bind-1.1.1.tgz",
      "integrity": "sha512-yIovAzMX49sF8Yl58fSCWJ5svSLuaibPxXQJFLmBObTuCr0Mf1KiPopGM9NiFjiYBCbfaa2Fh6breQ6ANVTI0A==",
      "dev": true
    },
    "geojson-vt": {
      "version": "3.2.1",
      "resolved": "https://registry.npmjs.org/geojson-vt/-/geojson-vt-3.2.1.tgz",
      "integrity": "sha512-EvGQQi/zPrDA6zr6BnJD/YhwAkBP8nnJ9emh3EnHQKVMfg/MRVtPbMYdgVy/IaEmn4UfagD2a6fafPDL5hbtwg=="
    },
    "gl-matrix": {
      "version": "3.3.0",
      "resolved": "https://registry.npmjs.org/gl-matrix/-/gl-matrix-3.3.0.tgz",
      "integrity": "sha512-COb7LDz+SXaHtl/h4LeaFcNdJdAQSDeVqjiIihSXNrkWObZLhDI4hIkZC11Aeqp7bcE72clzB0BnDXr2SmslRA=="
    },
    "has": {
      "version": "1.0.3",
      "resolved": "https://registry.npmjs.org/has/-/has-1.0.3.tgz",
      "integrity": "sha512-f2dvO0VU6Oej7RkWJGrehjbzMAjFp5/VKPp5tTpWIV4JHHZK1/BxbFRtf/siA2SWTe09caDmVtYYzWEIbBS4zw==",
      "dev": true,
      "requires": {
        "function-bind": "^1.1.1"
      }
    },
    "ieee754": {
      "version": "1.2.1",
      "resolved": "https://registry.npmjs.org/ieee754/-/ieee754-1.2.1.tgz",
      "integrity": "sha512-dcyqhDvX1C46lXZcVqCpK+FtMRQVdIMN6/Df5js2zouUsqG7I6sFxitIC+7KYK29KdXOLHdu9zL4sFnoVQnqaA=="
    },
    "is-core-module": {
      "version": "2.3.0",
      "resolved": "https://registry.npmjs.org/is-core-module/-/is-core-module-2.3.0.tgz",
      "integrity": "sha512-xSphU2KG9867tsYdLD4RWQ1VqdFl4HTO9Thf3I/3dLEfr0dbPTWKsuCKrgqMljg4nPE+Gq0VCnzT3gr0CyBmsw==",
      "dev": true,
      "requires": {
        "has": "^1.0.3"
      }
    },
    "is-module": {
      "version": "1.0.0",
      "resolved": "https://registry.npmjs.org/is-module/-/is-module-1.0.0.tgz",
      "integrity": "sha1-Mlj7afeMFNW4FdZkM2tM/7ZEFZE=",
      "dev": true
    },
    "path-parse": {
      "version": "1.0.6",
      "resolved": "https://registry.npmjs.org/path-parse/-/path-parse-1.0.6.tgz",
      "integrity": "sha512-GSmOT2EbHrINBf9SR7CDELwlJ8AENk3Qn7OikK4nFYAu3Ote2+JYNVvkpAEQm3/TLNEJFD/xZJjzyxg3KBWOzw==",
      "dev": true
    },
    "pbf": {
      "version": "3.2.1",
      "resolved": "https://registry.npmjs.org/pbf/-/pbf-3.2.1.tgz",
      "integrity": "sha512-ClrV7pNOn7rtmoQVF4TS1vyU0WhYRnP92fzbfF75jAIwpnzdJXf8iTd4CMEqO4yUenH6NDqLiwjqlh6QgZzgLQ==",
      "requires": {
        "ieee754": "^1.1.12",
        "resolve-protobuf-schema": "^2.1.0"
      }
    },
    "picomatch": {
      "version": "2.2.3",
      "resolved": "https://registry.npmjs.org/picomatch/-/picomatch-2.2.3.tgz",
      "integrity": "sha512-KpELjfwcCDUb9PeigTs2mBJzXUPzAuP2oPcA989He8Rte0+YUAjw1JVedDhuTKPkHjSYzMN3npC9luThGYEKdg==",
      "dev": true
    },
    "potpack": {
      "version": "1.0.1",
      "resolved": "https://registry.npmjs.org/potpack/-/potpack-1.0.1.tgz",
      "integrity": "sha512-15vItUAbViaYrmaB/Pbw7z6qX2xENbFSTA7Ii4tgbPtasxm5v6ryKhKtL91tpWovDJzTiZqdwzhcFBCwiMVdVw=="
    },
    "protocol-buffers-schema": {
      "version": "3.5.1",
      "resolved": "https://registry.npmjs.org/protocol-buffers-schema/-/protocol-buffers-schema-3.5.1.tgz",
      "integrity": "sha512-YVCvdhxWNDP8/nJDyXLuM+UFsuPk4+1PB7WGPVDzm3HTHbzFLxQYeW2iZpS4mmnXrQJGBzt230t/BbEb7PrQaw=="
    },
    "quickselect": {
      "version": "2.0.0",
      "resolved": "https://registry.npmjs.org/quickselect/-/quickselect-2.0.0.tgz",
      "integrity": "sha512-RKJ22hX8mHe3Y6wH/N3wCM6BWtjaxIyyUIkpHOvfFnxdI4yD4tBXEBKSbriGujF6jnSVkJrffuo6vxACiSSxIw=="
    },
    "rbush": {
      "version": "3.0.1",
      "resolved": "https://registry.npmjs.org/rbush/-/rbush-3.0.1.tgz",
      "integrity": "sha512-XRaVO0YecOpEuIvbhbpTrZgoiI6xBlz6hnlr6EHhd+0x9ase6EmeN+hdwwUaJvLcsFFQ8iWVF1GAK1yB0BWi0w==",
      "requires": {
        "quickselect": "^2.0.0"
      }
    },
    "resolve": {
      "version": "1.20.0",
      "resolved": "https://registry.npmjs.org/resolve/-/resolve-1.20.0.tgz",
      "integrity": "sha512-wENBPt4ySzg4ybFQW2TT1zMQucPK95HSh/nq2CFTZVOGut2+pQvSsgtda4d26YrYcr067wjbmzOG8byDPBX63A==",
      "dev": true,
      "requires": {
        "is-core-module": "^2.2.0",
        "path-parse": "^1.0.6"
      }
    },
    "resolve-protobuf-schema": {
      "version": "2.1.0",
      "resolved": "https://registry.npmjs.org/resolve-protobuf-schema/-/resolve-protobuf-schema-2.1.0.tgz",
      "integrity": "sha512-kI5ffTiZWmJaS/huM8wZfEMer1eRd7oJQhDuxeCLe3t7N7mX3z94CN0xPxBQxFYQTSNz9T0i+v6inKqSdK8xrQ==",
      "requires": {
        "protocol-buffers-schema": "^3.3.1"
      }
    },
    "rollup": {
      "version": "2.46.0",
      "resolved": "https://registry.npmjs.org/rollup/-/rollup-2.46.0.tgz",
      "integrity": "sha512-qPGoUBNl+Z8uNu0z7pD3WPTABWRbcOwIrO/5ccDJzmrtzn0LVf6Lj91+L5CcWhXl6iWf23FQ6m8Jkl2CmN1O7Q==",
      "dev": true,
      "requires": {
        "fsevents": "~2.3.1"
      }
    },
    "satellite-view": {
      "version": "2.0.0",
      "resolved": "https://registry.npmjs.org/satellite-view/-/satellite-view-2.0.0.tgz",
      "integrity": "sha512-t3cZnxcOagnkz9AJf99iwKvuNRdzsXsTmrkr7B34fmwkjraTVYr4lH9j5t4xEqibg1eUYcrYz7hrWY1YIAX2Jw=="
    },
    "sdf-manager": {
      "version": "0.0.6",
      "resolved": "https://registry.npmjs.org/sdf-manager/-/sdf-manager-0.0.6.tgz",
      "integrity": "sha512-K/9z0WruGC7RywHZRu3wfqUXh7GQnDhcnqi/ap+pcTMICSfCtyvJ0Xkbyj4++vilbdabxBGv8nyr0OQej2lMPA==",
      "requires": {
        "potpack": "^1.0.1"
      }
    },
    "spinning-ball": {
      "version": "0.2.3",
      "resolved": "https://registry.npmjs.org/spinning-ball/-/spinning-ball-0.2.3.tgz",
      "integrity": "sha512-3pbhFTRaFN0f41OMxylhnsD7ePEohyAzwcOUjs+4LPQNp5+xfGnx32mSVYrueTDnQM7zoH/BwvtRUMTRpUuLMw==",
      "requires": {
        "gl-matrix": "^3.1.0",
        "touch-sampler": "0.0.1",
        "yawgl": "github:GlobeletJS/yawgl"
      }
    },
    "tile-gl": {
      "version": "git+ssh://git@github.com/GlobeletJS/tile-gl.git#88fba190729893472473e87b1ac9ef53ef026615",
      "from": "tile-gl@github:GlobeletJS/tile-gl",
      "requires": {
        "earcut": "^2.2.2",
        "gl-matrix": "^3.3.0",
        "tile-labeler": "github:GlobeletJS/tile-labeler"
      }
    },
    "tile-labeler": {
      "version": "git+ssh://git@github.com/GlobeletJS/tile-labeler.git#68c740eeafd2fea024a93eb8c6f124ad0f951c49",
      "from": "tile-labeler@github:GlobeletJS/tile-labeler",
      "requires": {
        "sdf-manager": "0.0.6"
      }
    },
    "tile-mixer": {
      "version": "git+ssh://git@github.com/GlobeletJS/tile-mixer.git#d8a7ca6e89fc726f3c298793eac34fad12ed5376",
      "from": "tile-mixer@github:GlobeletJS/tile-mixer",
      "requires": {
        "chunked-queue": "^0.1.2",
        "geojson-vt": "^3.2.1",
        "pbf": "^3.2.1",
        "rbush": "^3.0.1",
        "tile-gl": "github:GlobeletJS/tile-gl",
        "tile-labeler": "github:GlobeletJS/tile-labeler",
        "tile-stencil": "^0.3.1",
        "vector-tile-esm": "^2.1.2"
      }
    },
    "tile-rack": {
      "version": "1.0.2",
      "resolved": "https://registry.npmjs.org/tile-rack/-/tile-rack-1.0.2.tgz",
      "integrity": "sha512-+OZHBM/ZmOop3avd+UL3+4ZKIHfna/wDZGx9mNybPsogu3qNK5PBb9yB8KLNxqcH+olNL7V1vP+nYikIm+CNqA=="
    },
    "tile-setter": {
      "version": "0.0.4",
      "resolved": "https://registry.npmjs.org/tile-setter/-/tile-setter-0.0.4.tgz",
      "integrity": "sha512-qgKgRW4ktuywA2nbOElezmylQyMOcUHdCLd8cAA1Q2jyyp9Phia61OSu2Kg+e+XcSKDGsQRDgog/5y0E1uhluQ==",
      "requires": {
        "chunked-queue": "^0.1.2",
        "d3-tile": "github:GlobeletJS/d3-tile",
        "tile-gl": "github:GlobeletJS/tile-gl",
        "tile-mixer": "github:GlobeletJS/tile-mixer",
        "tile-rack": "^1.0.2",
        "tile-stencil": "^0.3.1"
      }
    },
    "tile-stencil": {
      "version": "0.3.1",
      "resolved": "https://registry.npmjs.org/tile-stencil/-/tile-stencil-0.3.1.tgz",
      "integrity": "sha512-8WsDE8/+XwoU4Hoo5xKEbFcMi2vCUHgtfK2YxtPSlWJjO20kA2gV0OX6gkffOD+dwxtpb3yGGKOFp1VoPViW4A==",
      "requires": {
        "d3-color": "^1.4.1"
      }
    },
    "touch-sampler": {
      "version": "0.0.1",
      "resolved": "https://registry.npmjs.org/touch-sampler/-/touch-sampler-0.0.1.tgz",
      "integrity": "sha512-6OCDYwFGDyLymRDwkZlHdKL1WUBeA70UKgSL8JyTyr5sBGE4pb8UsVHtVjyv2YR09xjX9UCWp4PdQU4HUyjQPg=="
    },
    "vector-tile-esm": {
      "version": "2.1.2",
      "resolved": "https://registry.npmjs.org/vector-tile-esm/-/vector-tile-esm-2.1.2.tgz",
      "integrity": "sha512-l0doLJsMkZz5DWEewK9oh5Dp3iqO8lgKcpy+IxasckrQ/AjyyZxZCN1NRLZRROdjHt8aqf1gMuwq8e6Mi9f5Pw=="
    },
    "yawgl": {
      "version": "git+ssh://git@github.com/GlobeletJS/yawgl.git#d03f2c95cd073530bae7a4543ee964a74c01c839",
      "from": "yawgl@^0.3.0"
    },
    "zero-timeout": {
      "version": "0.0.4",
      "resolved": "https://registry.npmjs.org/zero-timeout/-/zero-timeout-0.0.4.tgz",
      "integrity": "sha512-4h06hMvy6JavCQZCKwiw6Jq0pt3UIL2vsQTKQ6UR5DAp3rnfknDn1ybkwx4YzQ+2vjOnamAETqox+8ma9wy7mw=="
    }
  }
}
