{
  "name": "globeletjs",
  "version": "0.0.1",
  "lockfileVersion": 2,
  "requires": true,
  "packages": {
    "": {
      "name": "globeletjs",
      "version": "0.0.1",
      "license": "MIT",
      "dependencies": {
        "satellite-view": "^2.0.1",
        "spinning-ball": "^0.2.4",
        "tile-setter": "^0.0.6",
        "yawgl": "^0.3.1"
      },
      "devDependencies": {
        "@rollup/plugin-json": "^4.1.0",
        "@rollup/plugin-node-resolve": "^13.0.0",
        "rollup": "^2.52.7"
      }
    },
    "node_modules/@rollup/plugin-json": {
      "version": "4.1.0",
      "resolved": "https://registry.npmjs.org/@rollup/plugin-json/-/plugin-json-4.1.0.tgz",
      "integrity": "sha512-yfLbTdNS6amI/2OpmbiBoW12vngr5NW2jCJVZSBEz+H5KfUJZ2M7sDjk0U6GOOdCWFVScShte29o9NezJ53TPw==",
      "dev": true,
      "dependencies": {
        "@rollup/pluginutils": "^3.0.8"
      },
      "peerDependencies": {
        "rollup": "^1.20.0 || ^2.0.0"
      }
    },
    "node_modules/@rollup/plugin-node-resolve": {
      "version": "13.0.0",
      "resolved": "https://registry.npmjs.org/@rollup/plugin-node-resolve/-/plugin-node-resolve-13.0.0.tgz",
      "integrity": "sha512-41X411HJ3oikIDivT5OKe9EZ6ud6DXudtfNrGbC4nniaxx2esiWjkLOzgnZsWq1IM8YIeL2rzRGLZLBjlhnZtQ==",
      "dev": true,
      "dependencies": {
        "@rollup/pluginutils": "^3.1.0",
        "@types/resolve": "1.17.1",
        "builtin-modules": "^3.1.0",
        "deepmerge": "^4.2.2",
        "is-module": "^1.0.0",
        "resolve": "^1.19.0"
      },
      "engines": {
        "node": ">= 10.0.0"
      },
      "peerDependencies": {
        "rollup": "^2.42.0"
      }
    },
    "node_modules/@rollup/pluginutils": {
      "version": "3.1.0",
      "resolved": "https://registry.npmjs.org/@rollup/pluginutils/-/pluginutils-3.1.0.tgz",
      "integrity": "sha512-GksZ6pr6TpIjHm8h9lSQ8pi8BE9VeubNT0OMJ3B5uZJ8pz73NPiqOtCog/x2/QzM1ENChPKxMDhiQuRHsqc+lg==",
      "dev": true,
      "dependencies": {
        "@types/estree": "0.0.39",
        "estree-walker": "^1.0.1",
        "picomatch": "^2.2.2"
      },
      "engines": {
        "node": ">= 8.0.0"
      },
      "peerDependencies": {
        "rollup": "^1.20.0||^2.0.0"
      }
    },
    "node_modules/@types/estree": {
      "version": "0.0.39",
      "resolved": "https://registry.npmjs.org/@types/estree/-/estree-0.0.39.tgz",
      "integrity": "sha512-EYNwp3bU+98cpU4lAWYYL7Zz+2gryWH1qbdDTidVd6hkiR6weksdbMadyXKXNPEkQFhXM+hVO9ZygomHXp+AIw==",
      "dev": true
    },
    "node_modules/@types/node": {
      "version": "15.14.0",
      "resolved": "https://registry.npmjs.org/@types/node/-/node-15.14.0.tgz",
      "integrity": "sha512-um/+/ip3QZmwLfIkWZSNtQIJNVAqrJ92OkLMeuZrjZMTAJniI7fh8N8OICyDhAJ2mzgk/fmYFo72jRr5HyZ1EQ==",
      "dev": true
    },
    "node_modules/@types/resolve": {
      "version": "1.17.1",
      "resolved": "https://registry.npmjs.org/@types/resolve/-/resolve-1.17.1.tgz",
      "integrity": "sha512-yy7HuzQhj0dhGpD8RLXSZWEkLsV9ibvxvi6EiJ3bkqLAO1RGo0WbkWQiwpRlSFymTJRz0d3k5LM3kkx8ArDbLw==",
      "dev": true,
      "dependencies": {
        "@types/node": "*"
      }
    },
    "node_modules/builtin-modules": {
      "version": "3.2.0",
      "resolved": "https://registry.npmjs.org/builtin-modules/-/builtin-modules-3.2.0.tgz",
      "integrity": "sha512-lGzLKcioL90C7wMczpkY0n/oART3MbBa8R9OFGE1rJxoVI86u4WAGfEk8Wjv10eKSyTHVGkSo3bvBylCEtk7LA==",
      "dev": true,
      "engines": {
        "node": ">=6"
      },
      "funding": {
        "url": "https://github.com/sponsors/sindresorhus"
      }
    },
    "node_modules/chunked-queue": {
      "version": "0.1.2",
      "resolved": "https://registry.npmjs.org/chunked-queue/-/chunked-queue-0.1.2.tgz",
      "integrity": "sha512-H/8Eb81ItMYlJS5gsLte3Z1Vt7MsoQuSZnz/pZiioFVuD5o2YSoHFZXOP9tqIO6iyU5OeuzGywzPTSOR4rTcKA==",
      "dependencies": {
        "zero-timeout": "0.0.4"
      }
    },
    "node_modules/d3-color": {
      "version": "1.4.1",
      "resolved": "https://registry.npmjs.org/d3-color/-/d3-color-1.4.1.tgz",
      "integrity": "sha512-p2sTHSLCJI2QKunbGb7ocOh7DgTAn8IrLx21QRc/BSnodXM4sv6aLQlnfpvehFMLZEfBc6g9pH9SWQccFYfJ9Q=="
    },
    "node_modules/d3-tile": {
      "version": "1.0.0",
      "resolved": "git+ssh://git@github.com/GlobeletJS/d3-tile.git#2f0d6e7f211453e36b13fe64e1e5449554277dcc",
      "license": "BSD-3-Clause"
    },
    "node_modules/deepmerge": {
      "version": "4.2.2",
      "resolved": "https://registry.npmjs.org/deepmerge/-/deepmerge-4.2.2.tgz",
      "integrity": "sha512-FJ3UgI4gIl+PHZm53knsuSFpE+nESMr7M4v9QcgB7S63Kj/6WqMiFQJpBBYz1Pt+66bZpP3Q7Lye0Oo9MPKEdg==",
      "dev": true,
      "engines": {
        "node": ">=0.10.0"
      }
    },
    "node_modules/earcut": {
      "version": "2.2.2",
      "resolved": "https://registry.npmjs.org/earcut/-/earcut-2.2.2.tgz",
      "integrity": "sha512-eZoZPPJcUHnfRZ0PjLvx2qBordSiO8ofC3vt+qACLM95u+4DovnbYNpQtJh0DNsWj8RnxrQytD4WA8gj5cRIaQ=="
    },
    "node_modules/estree-walker": {
      "version": "1.0.1",
      "resolved": "https://registry.npmjs.org/estree-walker/-/estree-walker-1.0.1.tgz",
      "integrity": "sha512-1fMXF3YP4pZZVozF8j/ZLfvnR8NSIljt56UhbZ5PeeDmmGHpgpdwQt7ITlGvYaQukCvuBRMLEiKiYC+oeIg4cg==",
      "dev": true
    },
    "node_modules/fsevents": {
      "version": "2.3.2",
      "resolved": "https://registry.npmjs.org/fsevents/-/fsevents-2.3.2.tgz",
      "integrity": "sha512-xiqMQR4xAeHTuB9uWm+fFRcIOgKBMiOBP+eXiyT7jsgVCq1bkVygt00oASowB7EdtpOHaaPgKt812P9ab+DDKA==",
      "dev": true,
      "hasInstallScript": true,
      "optional": true,
      "os": [
        "darwin"
      ],
      "engines": {
        "node": "^8.16.0 || ^10.6.0 || >=11.0.0"
      }
    },
    "node_modules/function-bind": {
      "version": "1.1.1",
      "resolved": "https://registry.npmjs.org/function-bind/-/function-bind-1.1.1.tgz",
      "integrity": "sha512-yIovAzMX49sF8Yl58fSCWJ5svSLuaibPxXQJFLmBObTuCr0Mf1KiPopGM9NiFjiYBCbfaa2Fh6breQ6ANVTI0A==",
      "dev": true
    },
    "node_modules/geojson-vt": {
      "version": "3.2.1",
      "resolved": "https://registry.npmjs.org/geojson-vt/-/geojson-vt-3.2.1.tgz",
      "integrity": "sha512-EvGQQi/zPrDA6zr6BnJD/YhwAkBP8nnJ9emh3EnHQKVMfg/MRVtPbMYdgVy/IaEmn4UfagD2a6fafPDL5hbtwg=="
    },
    "node_modules/gl-matrix": {
      "version": "3.3.0",
      "resolved": "https://registry.npmjs.org/gl-matrix/-/gl-matrix-3.3.0.tgz",
      "integrity": "sha512-COb7LDz+SXaHtl/h4LeaFcNdJdAQSDeVqjiIihSXNrkWObZLhDI4hIkZC11Aeqp7bcE72clzB0BnDXr2SmslRA=="
    },
    "node_modules/has": {
      "version": "1.0.3",
      "resolved": "https://registry.npmjs.org/has/-/has-1.0.3.tgz",
      "integrity": "sha512-f2dvO0VU6Oej7RkWJGrehjbzMAjFp5/VKPp5tTpWIV4JHHZK1/BxbFRtf/siA2SWTe09caDmVtYYzWEIbBS4zw==",
      "dev": true,
      "dependencies": {
        "function-bind": "^1.1.1"
      },
      "engines": {
        "node": ">= 0.4.0"
      }
    },
    "node_modules/ieee754": {
      "version": "1.2.1",
      "resolved": "https://registry.npmjs.org/ieee754/-/ieee754-1.2.1.tgz",
      "integrity": "sha512-dcyqhDvX1C46lXZcVqCpK+FtMRQVdIMN6/Df5js2zouUsqG7I6sFxitIC+7KYK29KdXOLHdu9zL4sFnoVQnqaA==",
      "funding": [
        {
          "type": "github",
          "url": "https://github.com/sponsors/feross"
        },
        {
          "type": "patreon",
          "url": "https://www.patreon.com/feross"
        },
        {
          "type": "consulting",
          "url": "https://feross.org/support"
        }
      ]
    },
    "node_modules/is-core-module": {
      "version": "2.4.0",
      "resolved": "https://registry.npmjs.org/is-core-module/-/is-core-module-2.4.0.tgz",
      "integrity": "sha512-6A2fkfq1rfeQZjxrZJGerpLCTHRNEBiSgnu0+obeJpEPZRUooHgsizvzv0ZjJwOz3iWIHdJtVWJ/tmPr3D21/A==",
      "dev": true,
      "dependencies": {
        "has": "^1.0.3"
      },
      "funding": {
        "url": "https://github.com/sponsors/ljharb"
      }
    },
    "node_modules/is-module": {
      "version": "1.0.0",
      "resolved": "https://registry.npmjs.org/is-module/-/is-module-1.0.0.tgz",
      "integrity": "sha1-Mlj7afeMFNW4FdZkM2tM/7ZEFZE=",
      "dev": true
    },
    "node_modules/path-parse": {
      "version": "1.0.7",
      "resolved": "https://registry.npmjs.org/path-parse/-/path-parse-1.0.7.tgz",
      "integrity": "sha512-LDJzPVEEEPR+y48z93A0Ed0yXb8pAByGWo/k5YYdYgpY2/2EsOsksJrq7lOHxryrVOn1ejG6oAp8ahvOIQD8sw==",
      "dev": true
    },
    "node_modules/pbf": {
      "version": "3.2.1",
      "resolved": "https://registry.npmjs.org/pbf/-/pbf-3.2.1.tgz",
      "integrity": "sha512-ClrV7pNOn7rtmoQVF4TS1vyU0WhYRnP92fzbfF75jAIwpnzdJXf8iTd4CMEqO4yUenH6NDqLiwjqlh6QgZzgLQ==",
      "dependencies": {
        "ieee754": "^1.1.12",
        "resolve-protobuf-schema": "^2.1.0"
      },
      "bin": {
        "pbf": "bin/pbf"
      }
    },
    "node_modules/picomatch": {
      "version": "2.3.0",
      "resolved": "https://registry.npmjs.org/picomatch/-/picomatch-2.3.0.tgz",
      "integrity": "sha512-lY1Q/PiJGC2zOv/z391WOTD+Z02bCgsFfvxoXXf6h7kv9o+WmsmzYqrAwY63sNgOxE4xEdq0WyUnXfKeBrSvYw==",
      "dev": true,
      "engines": {
        "node": ">=8.6"
      },
      "funding": {
        "url": "https://github.com/sponsors/jonschlinkert"
      }
    },
    "node_modules/potpack": {
      "version": "1.0.1",
      "resolved": "https://registry.npmjs.org/potpack/-/potpack-1.0.1.tgz",
      "integrity": "sha512-15vItUAbViaYrmaB/Pbw7z6qX2xENbFSTA7Ii4tgbPtasxm5v6ryKhKtL91tpWovDJzTiZqdwzhcFBCwiMVdVw=="
    },
    "node_modules/protocol-buffers-schema": {
      "version": "3.5.1",
      "resolved": "https://registry.npmjs.org/protocol-buffers-schema/-/protocol-buffers-schema-3.5.1.tgz",
      "integrity": "sha512-YVCvdhxWNDP8/nJDyXLuM+UFsuPk4+1PB7WGPVDzm3HTHbzFLxQYeW2iZpS4mmnXrQJGBzt230t/BbEb7PrQaw=="
    },
    "node_modules/quickselect": {
      "version": "2.0.0",
      "resolved": "https://registry.npmjs.org/quickselect/-/quickselect-2.0.0.tgz",
      "integrity": "sha512-RKJ22hX8mHe3Y6wH/N3wCM6BWtjaxIyyUIkpHOvfFnxdI4yD4tBXEBKSbriGujF6jnSVkJrffuo6vxACiSSxIw=="
    },
    "node_modules/rbush": {
      "version": "3.0.1",
      "resolved": "https://registry.npmjs.org/rbush/-/rbush-3.0.1.tgz",
      "integrity": "sha512-XRaVO0YecOpEuIvbhbpTrZgoiI6xBlz6hnlr6EHhd+0x9ase6EmeN+hdwwUaJvLcsFFQ8iWVF1GAK1yB0BWi0w==",
      "dependencies": {
        "quickselect": "^2.0.0"
      }
    },
    "node_modules/resolve": {
      "version": "1.20.0",
      "resolved": "https://registry.npmjs.org/resolve/-/resolve-1.20.0.tgz",
      "integrity": "sha512-wENBPt4ySzg4ybFQW2TT1zMQucPK95HSh/nq2CFTZVOGut2+pQvSsgtda4d26YrYcr067wjbmzOG8byDPBX63A==",
      "dev": true,
      "dependencies": {
        "is-core-module": "^2.2.0",
        "path-parse": "^1.0.6"
      },
      "funding": {
        "url": "https://github.com/sponsors/ljharb"
      }
    },
    "node_modules/resolve-protobuf-schema": {
      "version": "2.1.0",
      "resolved": "https://registry.npmjs.org/resolve-protobuf-schema/-/resolve-protobuf-schema-2.1.0.tgz",
      "integrity": "sha512-kI5ffTiZWmJaS/huM8wZfEMer1eRd7oJQhDuxeCLe3t7N7mX3z94CN0xPxBQxFYQTSNz9T0i+v6inKqSdK8xrQ==",
      "dependencies": {
        "protocol-buffers-schema": "^3.3.1"
      }
    },
    "node_modules/rollup": {
      "version": "2.52.7",
      "resolved": "https://registry.npmjs.org/rollup/-/rollup-2.52.7.tgz",
      "integrity": "sha512-55cSH4CCU6MaPr9TAOyrIC+7qFCHscL7tkNsm1MBfIJRRqRbCEY0mmeFn4Wg8FKsHtEH8r389Fz38r/o+kgXLg==",
      "dev": true,
      "bin": {
        "rollup": "dist/bin/rollup"
      },
      "engines": {
        "node": ">=10.0.0"
      },
      "optionalDependencies": {
        "fsevents": "~2.3.2"
      }
    },
    "node_modules/satellite-view": {
      "version": "2.0.1",
      "resolved": "https://registry.npmjs.org/satellite-view/-/satellite-view-2.0.1.tgz",
      "integrity": "sha512-wQjAeFEY+0vJcSTrhQA0OQNMpp9HlhKpySKbNHLjiTcrrDYXaoWfCV8N+vf0/0TE5JQqtf1f12uDfmM2oEBG+A=="
    },
    "node_modules/sdf-manager": {
      "version": "0.0.7",
      "resolved": "https://registry.npmjs.org/sdf-manager/-/sdf-manager-0.0.7.tgz",
      "integrity": "sha512-e7IJgejEEFyq2jm7b/mQTQ0oAYBhX2PMMNe1cWIBDmN2EsYqtuVkqkl07McMg6afAWaqM1XG4kjM3wv6rqCFbQ==",
      "dependencies": {
        "potpack": "^1.0.1"
      },
      "peerDependencies": {
        "pbf": "^3.2.1"
      }
    },
    "node_modules/spinning-ball": {
      "version": "0.2.4",
      "resolved": "https://registry.npmjs.org/spinning-ball/-/spinning-ball-0.2.4.tgz",
      "integrity": "sha512-QL/x9L5WVqo7NJCljF5P/fnUGxqtqR0+eRiz2x0WZRAAiq+oiDQ/gkjHK5Q1ppgCaBZuhGz33VZb+6Xcy3CZ9A==",
      "dependencies": {
        "gl-matrix": "^3.1.0",
        "touch-sampler": "0.0.1",
        "yawgl": "^0.3.1"
      }
    },
    "node_modules/tile-gl": {
      "version": "0.1.0",
      "resolved": "git+ssh://git@github.com/GlobeletJS/tile-gl.git#95775ec70aebfa438336b86d0dd796824fc88df3",
      "license": "MIT",
      "dependencies": {
        "earcut": "^2.2.2",
        "tile-labeler": "^0.2.0"
      }
    },
    "node_modules/tile-labeler": {
      "version": "0.2.0",
      "resolved": "https://registry.npmjs.org/tile-labeler/-/tile-labeler-0.2.0.tgz",
      "integrity": "sha512-IfSvc3OA3WYGg3m2vuQlPO5Lom9RWMcWlFPHauPP6ZmkB2KqCqbv8pONMnNoMqh+YJ2gSBztFPVrut1S31WRsQ==",
      "dependencies": {
        "sdf-manager": "^0.0.7"
      }
    },
    "node_modules/tile-mixer": {
      "version": "0.1.0",
      "resolved": "git+ssh://git@github.com/GlobeletJS/tile-mixer.git#ac533d17c1dff4086cfe8d7908f2262159111224",
      "license": "MIT",
      "dependencies": {
        "chunked-queue": "^0.1.2",
        "geojson-vt": "^3.2.1",
        "pbf": "^3.2.1",
        "rbush": "^3.0.1",
        "tile-gl": "^0.1.0",
        "tile-labeler": "^0.2.0",
        "tile-stencil": "^0.4.2",
        "vector-tile-esm": "^2.1.2"
      }
    },
    "node_modules/tile-rack": {
      "version": "1.0.2",
      "resolved": "https://registry.npmjs.org/tile-rack/-/tile-rack-1.0.2.tgz",
      "integrity": "sha512-+OZHBM/ZmOop3avd+UL3+4ZKIHfna/wDZGx9mNybPsogu3qNK5PBb9yB8KLNxqcH+olNL7V1vP+nYikIm+CNqA=="
    },
    "node_modules/tile-setter": {
      "version": "0.0.6",
      "resolved": "https://registry.npmjs.org/tile-setter/-/tile-setter-0.0.6.tgz",
      "integrity": "sha512-Yw7Y/8oKKm0D1MyNknsgZGtTVpydBQ8oJ6oQAmYjwXOLXGXZVWtyOjDeL+7LVAv0JWK0LMq/9JmkWRtFBzk8lw==",
      "dependencies": {
        "chunked-queue": "^0.1.2",
        "d3-tile": "github:GlobeletJS/d3-tile",
        "tile-gl": "^0.1.0",
        "tile-mixer": "^0.1.0",
        "tile-rack": "^1.0.2",
        "tile-stencil": "^0.4.2"
      }
    },
    "node_modules/tile-stencil": {
      "version": "0.4.2",
      "resolved": "https://registry.npmjs.org/tile-stencil/-/tile-stencil-0.4.2.tgz",
      "integrity": "sha512-7iM1WYbZ9zX3yW2mR7Ru89dabRyiMkvZUss0rJgIQXu6B8Qx56L4IblTfLdlJBKJ8bOZs4OtbSAbr8d40s2pjQ==",
      "dependencies": {
        "d3-color": "^1.4.1"
      }
    },
    "node_modules/touch-sampler": {
      "version": "0.0.1",
      "resolved": "https://registry.npmjs.org/touch-sampler/-/touch-sampler-0.0.1.tgz",
      "integrity": "sha512-6OCDYwFGDyLymRDwkZlHdKL1WUBeA70UKgSL8JyTyr5sBGE4pb8UsVHtVjyv2YR09xjX9UCWp4PdQU4HUyjQPg=="
    },
    "node_modules/vector-tile-esm": {
      "version": "2.1.2",
      "resolved": "https://registry.npmjs.org/vector-tile-esm/-/vector-tile-esm-2.1.2.tgz",
      "integrity": "sha512-l0doLJsMkZz5DWEewK9oh5Dp3iqO8lgKcpy+IxasckrQ/AjyyZxZCN1NRLZRROdjHt8aqf1gMuwq8e6Mi9f5Pw=="
    },
    "node_modules/yawgl": {
      "version": "0.3.1",
      "resolved": "git+ssh://git@github.com/GlobeletJS/yawgl.git#3d5e35b5947280dfa25acb2e5cd0c5442da629b9",
      "license": "MIT"
    },
    "node_modules/zero-timeout": {
      "version": "0.0.4",
      "resolved": "https://registry.npmjs.org/zero-timeout/-/zero-timeout-0.0.4.tgz",
      "integrity": "sha512-4h06hMvy6JavCQZCKwiw6Jq0pt3UIL2vsQTKQ6UR5DAp3rnfknDn1ybkwx4YzQ+2vjOnamAETqox+8ma9wy7mw=="
    }
  },
  "dependencies": {
    "@rollup/plugin-json": {
      "version": "4.1.0",
      "resolved": "https://registry.npmjs.org/@rollup/plugin-json/-/plugin-json-4.1.0.tgz",
      "integrity": "sha512-yfLbTdNS6amI/2OpmbiBoW12vngr5NW2jCJVZSBEz+H5KfUJZ2M7sDjk0U6GOOdCWFVScShte29o9NezJ53TPw==",
      "dev": true,
      "requires": {
        "@rollup/pluginutils": "^3.0.8"
      }
    },
    "@rollup/plugin-node-resolve": {
      "version": "13.0.0",
      "resolved": "https://registry.npmjs.org/@rollup/plugin-node-resolve/-/plugin-node-resolve-13.0.0.tgz",
      "integrity": "sha512-41X411HJ3oikIDivT5OKe9EZ6ud6DXudtfNrGbC4nniaxx2esiWjkLOzgnZsWq1IM8YIeL2rzRGLZLBjlhnZtQ==",
      "dev": true,
      "requires": {
        "@rollup/pluginutils": "^3.1.0",
        "@types/resolve": "1.17.1",
        "builtin-modules": "^3.1.0",
        "deepmerge": "^4.2.2",
        "is-module": "^1.0.0",
        "resolve": "^1.19.0"
      }
    },
    "@rollup/pluginutils": {
      "version": "3.1.0",
      "resolved": "https://registry.npmjs.org/@rollup/pluginutils/-/pluginutils-3.1.0.tgz",
      "integrity": "sha512-GksZ6pr6TpIjHm8h9lSQ8pi8BE9VeubNT0OMJ3B5uZJ8pz73NPiqOtCog/x2/QzM1ENChPKxMDhiQuRHsqc+lg==",
      "dev": true,
      "requires": {
        "@types/estree": "0.0.39",
        "estree-walker": "^1.0.1",
        "picomatch": "^2.2.2"
      }
    },
    "@types/estree": {
      "version": "0.0.39",
      "resolved": "https://registry.npmjs.org/@types/estree/-/estree-0.0.39.tgz",
      "integrity": "sha512-EYNwp3bU+98cpU4lAWYYL7Zz+2gryWH1qbdDTidVd6hkiR6weksdbMadyXKXNPEkQFhXM+hVO9ZygomHXp+AIw==",
      "dev": true
    },
    "@types/node": {
      "version": "15.14.0",
      "resolved": "https://registry.npmjs.org/@types/node/-/node-15.14.0.tgz",
      "integrity": "sha512-um/+/ip3QZmwLfIkWZSNtQIJNVAqrJ92OkLMeuZrjZMTAJniI7fh8N8OICyDhAJ2mzgk/fmYFo72jRr5HyZ1EQ==",
      "dev": true
    },
    "@types/resolve": {
      "version": "1.17.1",
      "resolved": "https://registry.npmjs.org/@types/resolve/-/resolve-1.17.1.tgz",
      "integrity": "sha512-yy7HuzQhj0dhGpD8RLXSZWEkLsV9ibvxvi6EiJ3bkqLAO1RGo0WbkWQiwpRlSFymTJRz0d3k5LM3kkx8ArDbLw==",
      "dev": true,
      "requires": {
        "@types/node": "*"
      }
    },
    "builtin-modules": {
      "version": "3.2.0",
      "resolved": "https://registry.npmjs.org/builtin-modules/-/builtin-modules-3.2.0.tgz",
      "integrity": "sha512-lGzLKcioL90C7wMczpkY0n/oART3MbBa8R9OFGE1rJxoVI86u4WAGfEk8Wjv10eKSyTHVGkSo3bvBylCEtk7LA==",
      "dev": true
    },
    "chunked-queue": {
      "version": "0.1.2",
      "resolved": "https://registry.npmjs.org/chunked-queue/-/chunked-queue-0.1.2.tgz",
      "integrity": "sha512-H/8Eb81ItMYlJS5gsLte3Z1Vt7MsoQuSZnz/pZiioFVuD5o2YSoHFZXOP9tqIO6iyU5OeuzGywzPTSOR4rTcKA==",
      "requires": {
        "zero-timeout": "0.0.4"
      }
    },
    "d3-color": {
      "version": "1.4.1",
      "resolved": "https://registry.npmjs.org/d3-color/-/d3-color-1.4.1.tgz",
      "integrity": "sha512-p2sTHSLCJI2QKunbGb7ocOh7DgTAn8IrLx21QRc/BSnodXM4sv6aLQlnfpvehFMLZEfBc6g9pH9SWQccFYfJ9Q=="
    },
    "d3-tile": {
      "version": "git+ssh://git@github.com/GlobeletJS/d3-tile.git#2f0d6e7f211453e36b13fe64e1e5449554277dcc",
      "from": "d3-tile@github:GlobeletJS/d3-tile"
    },
    "deepmerge": {
      "version": "4.2.2",
      "resolved": "https://registry.npmjs.org/deepmerge/-/deepmerge-4.2.2.tgz",
      "integrity": "sha512-FJ3UgI4gIl+PHZm53knsuSFpE+nESMr7M4v9QcgB7S63Kj/6WqMiFQJpBBYz1Pt+66bZpP3Q7Lye0Oo9MPKEdg==",
      "dev": true
    },
    "earcut": {
      "version": "2.2.2",
      "resolved": "https://registry.npmjs.org/earcut/-/earcut-2.2.2.tgz",
      "integrity": "sha512-eZoZPPJcUHnfRZ0PjLvx2qBordSiO8ofC3vt+qACLM95u+4DovnbYNpQtJh0DNsWj8RnxrQytD4WA8gj5cRIaQ=="
    },
    "estree-walker": {
      "version": "1.0.1",
      "resolved": "https://registry.npmjs.org/estree-walker/-/estree-walker-1.0.1.tgz",
      "integrity": "sha512-1fMXF3YP4pZZVozF8j/ZLfvnR8NSIljt56UhbZ5PeeDmmGHpgpdwQt7ITlGvYaQukCvuBRMLEiKiYC+oeIg4cg==",
      "dev": true
    },
    "fsevents": {
      "version": "2.3.2",
      "resolved": "https://registry.npmjs.org/fsevents/-/fsevents-2.3.2.tgz",
      "integrity": "sha512-xiqMQR4xAeHTuB9uWm+fFRcIOgKBMiOBP+eXiyT7jsgVCq1bkVygt00oASowB7EdtpOHaaPgKt812P9ab+DDKA==",
      "dev": true,
      "optional": true
    },
    "function-bind": {
      "version": "1.1.1",
      "resolved": "https://registry.npmjs.org/function-bind/-/function-bind-1.1.1.tgz",
      "integrity": "sha512-yIovAzMX49sF8Yl58fSCWJ5svSLuaibPxXQJFLmBObTuCr0Mf1KiPopGM9NiFjiYBCbfaa2Fh6breQ6ANVTI0A==",
      "dev": true
    },
    "geojson-vt": {
      "version": "3.2.1",
      "resolved": "https://registry.npmjs.org/geojson-vt/-/geojson-vt-3.2.1.tgz",
      "integrity": "sha512-EvGQQi/zPrDA6zr6BnJD/YhwAkBP8nnJ9emh3EnHQKVMfg/MRVtPbMYdgVy/IaEmn4UfagD2a6fafPDL5hbtwg=="
    },
    "gl-matrix": {
      "version": "3.3.0",
      "resolved": "https://registry.npmjs.org/gl-matrix/-/gl-matrix-3.3.0.tgz",
      "integrity": "sha512-COb7LDz+SXaHtl/h4LeaFcNdJdAQSDeVqjiIihSXNrkWObZLhDI4hIkZC11Aeqp7bcE72clzB0BnDXr2SmslRA=="
    },
    "has": {
      "version": "1.0.3",
      "resolved": "https://registry.npmjs.org/has/-/has-1.0.3.tgz",
      "integrity": "sha512-f2dvO0VU6Oej7RkWJGrehjbzMAjFp5/VKPp5tTpWIV4JHHZK1/BxbFRtf/siA2SWTe09caDmVtYYzWEIbBS4zw==",
      "dev": true,
      "requires": {
        "function-bind": "^1.1.1"
      }
    },
    "ieee754": {
      "version": "1.2.1",
      "resolved": "https://registry.npmjs.org/ieee754/-/ieee754-1.2.1.tgz",
      "integrity": "sha512-dcyqhDvX1C46lXZcVqCpK+FtMRQVdIMN6/Df5js2zouUsqG7I6sFxitIC+7KYK29KdXOLHdu9zL4sFnoVQnqaA=="
    },
    "is-core-module": {
      "version": "2.4.0",
      "resolved": "https://registry.npmjs.org/is-core-module/-/is-core-module-2.4.0.tgz",
      "integrity": "sha512-6A2fkfq1rfeQZjxrZJGerpLCTHRNEBiSgnu0+obeJpEPZRUooHgsizvzv0ZjJwOz3iWIHdJtVWJ/tmPr3D21/A==",
      "dev": true,
      "requires": {
        "has": "^1.0.3"
      }
    },
    "is-module": {
      "version": "1.0.0",
      "resolved": "https://registry.npmjs.org/is-module/-/is-module-1.0.0.tgz",
      "integrity": "sha1-Mlj7afeMFNW4FdZkM2tM/7ZEFZE=",
      "dev": true
    },
    "path-parse": {
      "version": "1.0.7",
      "resolved": "https://registry.npmjs.org/path-parse/-/path-parse-1.0.7.tgz",
      "integrity": "sha512-LDJzPVEEEPR+y48z93A0Ed0yXb8pAByGWo/k5YYdYgpY2/2EsOsksJrq7lOHxryrVOn1ejG6oAp8ahvOIQD8sw==",
      "dev": true
    },
    "pbf": {
      "version": "3.2.1",
      "resolved": "https://registry.npmjs.org/pbf/-/pbf-3.2.1.tgz",
      "integrity": "sha512-ClrV7pNOn7rtmoQVF4TS1vyU0WhYRnP92fzbfF75jAIwpnzdJXf8iTd4CMEqO4yUenH6NDqLiwjqlh6QgZzgLQ==",
      "requires": {
        "ieee754": "^1.1.12",
        "resolve-protobuf-schema": "^2.1.0"
      }
    },
    "picomatch": {
      "version": "2.3.0",
      "resolved": "https://registry.npmjs.org/picomatch/-/picomatch-2.3.0.tgz",
      "integrity": "sha512-lY1Q/PiJGC2zOv/z391WOTD+Z02bCgsFfvxoXXf6h7kv9o+WmsmzYqrAwY63sNgOxE4xEdq0WyUnXfKeBrSvYw==",
      "dev": true
    },
    "potpack": {
      "version": "1.0.1",
      "resolved": "https://registry.npmjs.org/potpack/-/potpack-1.0.1.tgz",
      "integrity": "sha512-15vItUAbViaYrmaB/Pbw7z6qX2xENbFSTA7Ii4tgbPtasxm5v6ryKhKtL91tpWovDJzTiZqdwzhcFBCwiMVdVw=="
    },
    "protocol-buffers-schema": {
      "version": "3.5.1",
      "resolved": "https://registry.npmjs.org/protocol-buffers-schema/-/protocol-buffers-schema-3.5.1.tgz",
      "integrity": "sha512-YVCvdhxWNDP8/nJDyXLuM+UFsuPk4+1PB7WGPVDzm3HTHbzFLxQYeW2iZpS4mmnXrQJGBzt230t/BbEb7PrQaw=="
    },
    "quickselect": {
      "version": "2.0.0",
      "resolved": "https://registry.npmjs.org/quickselect/-/quickselect-2.0.0.tgz",
      "integrity": "sha512-RKJ22hX8mHe3Y6wH/N3wCM6BWtjaxIyyUIkpHOvfFnxdI4yD4tBXEBKSbriGujF6jnSVkJrffuo6vxACiSSxIw=="
    },
    "rbush": {
      "version": "3.0.1",
      "resolved": "https://registry.npmjs.org/rbush/-/rbush-3.0.1.tgz",
      "integrity": "sha512-XRaVO0YecOpEuIvbhbpTrZgoiI6xBlz6hnlr6EHhd+0x9ase6EmeN+hdwwUaJvLcsFFQ8iWVF1GAK1yB0BWi0w==",
      "requires": {
        "quickselect": "^2.0.0"
      }
    },
    "resolve": {
      "version": "1.20.0",
      "resolved": "https://registry.npmjs.org/resolve/-/resolve-1.20.0.tgz",
      "integrity": "sha512-wENBPt4ySzg4ybFQW2TT1zMQucPK95HSh/nq2CFTZVOGut2+pQvSsgtda4d26YrYcr067wjbmzOG8byDPBX63A==",
      "dev": true,
      "requires": {
        "is-core-module": "^2.2.0",
        "path-parse": "^1.0.6"
      }
    },
    "resolve-protobuf-schema": {
      "version": "2.1.0",
      "resolved": "https://registry.npmjs.org/resolve-protobuf-schema/-/resolve-protobuf-schema-2.1.0.tgz",
      "integrity": "sha512-kI5ffTiZWmJaS/huM8wZfEMer1eRd7oJQhDuxeCLe3t7N7mX3z94CN0xPxBQxFYQTSNz9T0i+v6inKqSdK8xrQ==",
      "requires": {
        "protocol-buffers-schema": "^3.3.1"
      }
    },
    "rollup": {
      "version": "2.52.7",
      "resolved": "https://registry.npmjs.org/rollup/-/rollup-2.52.7.tgz",
      "integrity": "sha512-55cSH4CCU6MaPr9TAOyrIC+7qFCHscL7tkNsm1MBfIJRRqRbCEY0mmeFn4Wg8FKsHtEH8r389Fz38r/o+kgXLg==",
      "dev": true,
      "requires": {
        "fsevents": "~2.3.2"
      }
    },
    "satellite-view": {
      "version": "2.0.1",
      "resolved": "https://registry.npmjs.org/satellite-view/-/satellite-view-2.0.1.tgz",
      "integrity": "sha512-wQjAeFEY+0vJcSTrhQA0OQNMpp9HlhKpySKbNHLjiTcrrDYXaoWfCV8N+vf0/0TE5JQqtf1f12uDfmM2oEBG+A=="
    },
    "sdf-manager": {
      "version": "0.0.7",
      "resolved": "https://registry.npmjs.org/sdf-manager/-/sdf-manager-0.0.7.tgz",
      "integrity": "sha512-e7IJgejEEFyq2jm7b/mQTQ0oAYBhX2PMMNe1cWIBDmN2EsYqtuVkqkl07McMg6afAWaqM1XG4kjM3wv6rqCFbQ==",
      "requires": {
        "potpack": "^1.0.1"
      }
    },
    "spinning-ball": {
      "version": "0.2.4",
      "resolved": "https://registry.npmjs.org/spinning-ball/-/spinning-ball-0.2.4.tgz",
      "integrity": "sha512-QL/x9L5WVqo7NJCljF5P/fnUGxqtqR0+eRiz2x0WZRAAiq+oiDQ/gkjHK5Q1ppgCaBZuhGz33VZb+6Xcy3CZ9A==",
      "requires": {
        "gl-matrix": "^3.1.0",
        "touch-sampler": "0.0.1",
        "yawgl": "^0.3.1"
      }
    },
    "tile-gl": {
      "version": "git+ssh://git@github.com/GlobeletJS/tile-gl.git#95775ec70aebfa438336b86d0dd796824fc88df3",
      "from": "tile-gl@^0.1.0",
      "requires": {
        "earcut": "^2.2.2",
        "tile-labeler": "^0.2.0"
      }
    },
    "tile-labeler": {
      "version": "0.2.0",
      "resolved": "https://registry.npmjs.org/tile-labeler/-/tile-labeler-0.2.0.tgz",
      "integrity": "sha512-IfSvc3OA3WYGg3m2vuQlPO5Lom9RWMcWlFPHauPP6ZmkB2KqCqbv8pONMnNoMqh+YJ2gSBztFPVrut1S31WRsQ==",
      "requires": {
        "sdf-manager": "^0.0.7"
      }
    },
    "tile-mixer": {
      "version": "git+ssh://git@github.com/GlobeletJS/tile-mixer.git#ac533d17c1dff4086cfe8d7908f2262159111224",
      "from": "tile-mixer@^0.1.0",
      "requires": {
        "chunked-queue": "^0.1.2",
        "geojson-vt": "^3.2.1",
        "pbf": "^3.2.1",
        "rbush": "^3.0.1",
        "tile-gl": "^0.1.0",
        "tile-labeler": "^0.2.0",
        "tile-stencil": "^0.4.2",
        "vector-tile-esm": "^2.1.2"
      }
    },
    "tile-rack": {
      "version": "1.0.2",
      "resolved": "https://registry.npmjs.org/tile-rack/-/tile-rack-1.0.2.tgz",
      "integrity": "sha512-+OZHBM/ZmOop3avd+UL3+4ZKIHfna/wDZGx9mNybPsogu3qNK5PBb9yB8KLNxqcH+olNL7V1vP+nYikIm+CNqA=="
    },
    "tile-setter": {
      "version": "0.0.6",
      "resolved": "https://registry.npmjs.org/tile-setter/-/tile-setter-0.0.6.tgz",
      "integrity": "sha512-Yw7Y/8oKKm0D1MyNknsgZGtTVpydBQ8oJ6oQAmYjwXOLXGXZVWtyOjDeL+7LVAv0JWK0LMq/9JmkWRtFBzk8lw==",
      "requires": {
        "chunked-queue": "^0.1.2",
        "d3-tile": "github:GlobeletJS/d3-tile",
        "tile-gl": "^0.1.0",
        "tile-mixer": "^0.1.0",
        "tile-rack": "^1.0.2",
        "tile-stencil": "^0.4.2"
      }
    },
    "tile-stencil": {
      "version": "0.4.2",
      "resolved": "https://registry.npmjs.org/tile-stencil/-/tile-stencil-0.4.2.tgz",
      "integrity": "sha512-7iM1WYbZ9zX3yW2mR7Ru89dabRyiMkvZUss0rJgIQXu6B8Qx56L4IblTfLdlJBKJ8bOZs4OtbSAbr8d40s2pjQ==",
      "requires": {
        "d3-color": "^1.4.1"
      }
    },
    "touch-sampler": {
      "version": "0.0.1",
      "resolved": "https://registry.npmjs.org/touch-sampler/-/touch-sampler-0.0.1.tgz",
      "integrity": "sha512-6OCDYwFGDyLymRDwkZlHdKL1WUBeA70UKgSL8JyTyr5sBGE4pb8UsVHtVjyv2YR09xjX9UCWp4PdQU4HUyjQPg=="
    },
    "vector-tile-esm": {
      "version": "2.1.2",
      "resolved": "https://registry.npmjs.org/vector-tile-esm/-/vector-tile-esm-2.1.2.tgz",
      "integrity": "sha512-l0doLJsMkZz5DWEewK9oh5Dp3iqO8lgKcpy+IxasckrQ/AjyyZxZCN1NRLZRROdjHt8aqf1gMuwq8e6Mi9f5Pw=="
    },
    "yawgl": {
      "version": "git+ssh://git@github.com/GlobeletJS/yawgl.git#3d5e35b5947280dfa25acb2e5cd0c5442da629b9",
      "from": "yawgl@^0.3.1"
    },
    "zero-timeout": {
      "version": "0.0.4",
      "resolved": "https://registry.npmjs.org/zero-timeout/-/zero-timeout-0.0.4.tgz",
      "integrity": "sha512-4h06hMvy6JavCQZCKwiw6Jq0pt3UIL2vsQTKQ6UR5DAp3rnfknDn1ybkwx4YzQ+2vjOnamAETqox+8ma9wy7mw=="
    }
  }
}
